{
  "nodes": {
    "darwin": {
      "inputs": {
        "nixpkgs": [
          "nixpkgs"
        ]
      },
      "locked": {
        "lastModified": 1651916036,
        "narHash": "sha256-UuD9keUGm4IuVEV6wdSYbuRm7CwfXE63hVkzKDjVsh4=",
        "owner": "LnL7",
        "repo": "nix-darwin",
        "rev": "2f2bdf658d2b79bada78dc914af99c53cad37cba",
        "type": "github"
      },
      "original": {
        "owner": "LnL7",
        "repo": "nix-darwin",
        "type": "github"
      }
    },
    "dotfiles": {
      "flake": false,
      "locked": {
        "lastModified": 1656939153,
        "narHash": "sha256-fEDwlkkvwtSnGf4WIw6PoUXViHtHxd77fY6K0HA3C9c=",
        "owner": "Sciencentistguy",
        "repo": "dotfiles",
        "rev": "e69701841d8a261266c3e45d11a1d44f3763d96a",
        "type": "github"
      },
      "original": {
        "owner": "Sciencentistguy",
        "repo": "dotfiles",
        "type": "github"
      }
    },
    "fenix": {
      "inputs": {
        "nixpkgs": [
          "nixpkgs"
        ],
        "rust-analyzer-src": "rust-analyzer-src"
      },
      "locked": {
        "lastModified": 1657347958,
        "narHash": "sha256-UViOt1l9Qu1StbAIDe+xMjRbkEnefbISbs256J5IcHE=",
        "owner": "nix-community",
        "repo": "fenix",
        "rev": "d223a6c360d0873488b70df0a9d27e0f6487b8fe",
        "type": "github"
      },
      "original": {
        "owner": "nix-community",
        "repo": "fenix",
        "type": "github"
      }
    },
    "flake-compat": {
      "flake": false,
      "locked": {
        "lastModified": 1650374568,
        "narHash": "sha256-Z+s0J8/r907g149rllvwhb4pKi8Wam5ij0st8PwAh+E=",
        "owner": "edolstra",
        "repo": "flake-compat",
        "rev": "b4a34015c698c7793d592d66adbab377907a2be8",
        "type": "github"
      },
      "original": {
        "owner": "edolstra",
        "repo": "flake-compat",
        "type": "github"
      }
    },
    "flake-compat_2": {
      "flake": false,
      "locked": {
        "lastModified": 1650374568,
        "narHash": "sha256-Z+s0J8/r907g149rllvwhb4pKi8Wam5ij0st8PwAh+E=",
        "owner": "edolstra",
        "repo": "flake-compat",
        "rev": "b4a34015c698c7793d592d66adbab377907a2be8",
        "type": "github"
      },
      "original": {
        "owner": "edolstra",
        "repo": "flake-compat",
        "type": "github"
      }
    },
    "flake-compat_3": {
      "flake": false,
      "locked": {
        "lastModified": 1650374568,
        "narHash": "sha256-Z+s0J8/r907g149rllvwhb4pKi8Wam5ij0st8PwAh+E=",
        "owner": "edolstra",
        "repo": "flake-compat",
        "rev": "b4a34015c698c7793d592d66adbab377907a2be8",
        "type": "github"
      },
      "original": {
        "owner": "edolstra",
        "repo": "flake-compat",
        "type": "github"
      }
    },
    "flake-compat_4": {
      "flake": false,
      "locked": {
        "lastModified": 1650374568,
        "narHash": "sha256-Z+s0J8/r907g149rllvwhb4pKi8Wam5ij0st8PwAh+E=",
        "owner": "edolstra",
        "repo": "flake-compat",
        "rev": "b4a34015c698c7793d592d66adbab377907a2be8",
        "type": "github"
      },
      "original": {
        "owner": "edolstra",
        "repo": "flake-compat",
        "type": "github"
      }
    },
    "flake-utils": {
      "locked": {
        "lastModified": 1656928814,
        "narHash": "sha256-RIFfgBuKz6Hp89yRr7+NR5tzIAbn52h8vT6vXkYjZoM=",
        "owner": "numtide",
        "repo": "flake-utils",
        "rev": "7e2a3b3dfd9af950a856d66b0a7d01e3c18aa249",
        "type": "github"
      },
      "original": {
        "owner": "numtide",
        "repo": "flake-utils",
        "type": "github"
      }
    },
    "flake-utils_2": {
      "locked": {
        "lastModified": 1644229661,
        "narHash": "sha256-1YdnJAsNy69bpcjuoKdOYQX0YxZBiCYZo4Twxerqv7k=",
        "owner": "numtide",
        "repo": "flake-utils",
        "rev": "3cecb5b042f7f209c56ffd8371b2711a290ec797",
        "type": "github"
      },
      "original": {
        "owner": "numtide",
        "repo": "flake-utils",
        "type": "github"
      }
    },
    "flake-utils_3": {
      "locked": {
        "lastModified": 1649676176,
        "narHash": "sha256-OWKJratjt2RW151VUlJPRALb7OU2S5s+f0vLj4o1bHM=",
        "owner": "numtide",
        "repo": "flake-utils",
        "rev": "a4b154ebbdc88c8498a5c7b01589addc9e9cb678",
        "type": "github"
      },
      "original": {
        "owner": "numtide",
        "repo": "flake-utils",
        "type": "github"
      }
    },
    "flake-utils_4": {
      "locked": {
        "lastModified": 1653893745,
        "narHash": "sha256-0jntwV3Z8//YwuOjzhV2sgJJPt+HY6KhU7VZUL0fKZQ=",
        "owner": "numtide",
        "repo": "flake-utils",
        "rev": "1ed9fb1935d260de5fe1c2f7ee0ebaae17ed2fa1",
        "type": "github"
      },
      "original": {
        "owner": "numtide",
        "repo": "flake-utils",
        "type": "github"
      }
    },
    "home-manager": {
      "inputs": {
        "nixpkgs": [
          "nixpkgs"
        ],
        "utils": "utils"
      },
      "locked": {
        "lastModified": 1657241847,
        "narHash": "sha256-/aN3p2LaRNVXf7w92GWgXq9H5f23YRQPOvsm3BrBqzU=",
        "owner": "nix-community",
        "repo": "home-manager",
        "rev": "8160b3b45b8457d58d2b3af2aeb2eb6f47042e0f",
        "type": "github"
      },
      "original": {
        "owner": "nix-community",
        "repo": "home-manager",
        "type": "github"
      }
    },
    "libnbtplusplus": {
      "flake": false,
      "locked": {
        "lastModified": 1591558203,
        "narHash": "sha256-QgvNvaoFflCXEPCCFBCeZvYTpuiwScBG7EosUgFwFNQ=",
        "owner": "multimc",
        "repo": "libnbtplusplus",
        "rev": "dc72a20b7efd304d12af2025223fad07b4b78464",
        "type": "github"
      },
      "original": {
        "owner": "multimc",
        "repo": "libnbtplusplus",
        "type": "github"
      }
    },
    "neovim": {
      "inputs": {
        "flake-utils": "flake-utils_2",
        "nixpkgs": [
          "nixpkgs"
        ]
      },
      "locked": {
        "dir": "contrib",
        "lastModified": 1657371589,
        "narHash": "sha256-TxWVushoWCL5C2cIhC31rPAEdFASbnrD6s+xRqkJFu0=",
        "owner": "neovim",
        "repo": "neovim",
        "rev": "7dbe6b1a460202a700e256e44245dff3713ff435",
        "type": "github"
      },
      "original": {
        "dir": "contrib",
        "owner": "neovim",
        "repo": "neovim",
        "type": "github"
      }
    },
    "nixpkgs": {
      "locked": {
        "lastModified": 1657292830,
        "narHash": "sha256-ldfVSTveWceDCmW6gf3B4kR6vwmz/XS80y5wsLLHFJU=",
        "owner": "NixOS",
        "repo": "nixpkgs",
        "rev": "334ec8b503c3981e37a04b817a70e8d026ea9e84",
        "type": "github"
      },
      "original": {
        "owner": "NixOS",
        "ref": "nixpkgs-unstable",
        "repo": "nixpkgs",
        "type": "github"
      }
    },
    "nixpkgs-unfree": {
      "inputs": {
        "nixpkgs": [
          "nixpkgs"
        ]
      },
      "locked": {
        "lastModified": 1653662045,
        "narHash": "sha256-pTn2FPLsaHMWcP442jTN30YQZlO9K9VbWjkK6u++Q1g=",
        "owner": "numtide",
        "repo": "nixpkgs-unfree",
        "rev": "d9e8ab22f97457284c676885bc874f2fa8552ea4",
        "type": "github"
      },
      "original": {
        "owner": "numtide",
        "repo": "nixpkgs-unfree",
        "type": "github"
      }
    },
    "polymc": {
      "inputs": {
        "flake-compat": "flake-compat_2",
        "libnbtplusplus": "libnbtplusplus",
        "nixpkgs": [
          "nixpkgs"
        ]
      },
      "locked": {
        "lastModified": 1657322167,
        "narHash": "sha256-Eg4FP4oEqEp3oUlSPhFsTRzUH3GgOsa1DoC75IscRmg=",
        "owner": "PolyMC",
        "repo": "PolyMC",
        "rev": "f591c876650385423d205d40350a210098c86751",
        "type": "github"
      },
      "original": {
        "owner": "PolyMC",
        "repo": "PolyMC",
        "type": "github"
      }
    },
    "root": {
      "inputs": {
        "darwin": "darwin",
        "dotfiles": "dotfiles",
        "fenix": "fenix",
        "flake-compat": "flake-compat",
        "flake-utils": "flake-utils",
        "home-manager": "home-manager",
        "neovim": "neovim",
        "nixpkgs": "nixpkgs",
        "nixpkgs-unfree": "nixpkgs-unfree",
        "polymc": "polymc",
        "rust-nix-shell": "rust-nix-shell",
        "videoconverter": "videoconverter"
      }
    },
    "rust-analyzer-src": {
      "flake": false,
      "locked": {
        "lastModified": 1657292522,
        "narHash": "sha256-mAxbvJzcpozcQpcfNAP1eU27NgAqT6pDB/eaQOe/piI=",
        "owner": "rust-lang",
        "repo": "rust-analyzer",
        "rev": "2836dd15f753a490ea5b89e02c6cfcecd2f32984",
        "type": "github"
      },
      "original": {
        "owner": "rust-lang",
        "ref": "nightly",
        "repo": "rust-analyzer",
        "type": "github"
      }
    },
    "rust-nix-shell": {
      "inputs": {
        "flake-compat": "flake-compat_3",
        "flake-utils": "flake-utils_3",
        "nixpkgs": [
          "nixpkgs"
        ]
      },
      "locked": {
        "lastModified": 1657366632,
        "narHash": "sha256-wIEnNeehYqYvpfBkVzxtYTa0wgoNRRstOSwe4DZSruY=",
        "owner": "Sciencentistguy",
        "repo": "rust-nix-shell",
        "rev": "4786ad948c0582d8b4b94f5b956c06ae28300177",
        "type": "github"
      },
      "original": {
        "owner": "Sciencentistguy",
        "repo": "rust-nix-shell",
        "type": "github"
      }
    },
    "utils": {
      "locked": {
        "lastModified": 1653893745,
        "narHash": "sha256-0jntwV3Z8//YwuOjzhV2sgJJPt+HY6KhU7VZUL0fKZQ=",
        "owner": "numtide",
        "repo": "flake-utils",
        "rev": "1ed9fb1935d260de5fe1c2f7ee0ebaae17ed2fa1",
        "type": "github"
      },
      "original": {
        "owner": "numtide",
        "repo": "flake-utils",
        "type": "github"
      }
    },
    "videoconverter": {
      "inputs": {
        "flake-compat": "flake-compat_4",
        "flake-utils": "flake-utils_4",
        "nixpkgs": [
          "nixpkgs"
        ]
      },
      "locked": {
        "lastModified": 1657212923,
        "narHash": "sha256-Way+TTshbtXIIFCAnqA2opgNOw52pRqdA8cdOIly4oE=",
        "owner": "Sciencentistguy",
        "repo": "videoconverter",
        "rev": "15295dd521cea612235bc370364550b6d8436187",
        "type": "github"
      },
      "original": {
        "owner": "Sciencentistguy",
        "repo": "videoconverter",
        "type": "github"
      }
    }
  },
  "root": "root",
  "version": 7
}
