{
  "nodes": {
    "custompkgs": {
      "inputs": {
        "flake-utils": "flake-utils",
        "naersk": [
          "naersk"
        ],
        "nixpkgs": [
          "nixpkgs"
        ]
      },
      "locked": {
        "lastModified": 1644676984,
        "narHash": "sha256-Gkg/qpg9pzXnYMdU3K8QtNGUuSqYIVVeVbKMVclJI6U=",
        "owner": "Sciencentistguy",
        "repo": "custompkgs",
        "rev": "ce3bb8b0fc9e6ec1fec0a79c5a6bc53808bc23f6",
        "type": "github"
      },
      "original": {
        "owner": "Sciencentistguy",
        "repo": "custompkgs",
        "type": "github"
      }
    },
    "darwin": {
      "inputs": {
        "nixpkgs": [
          "nixpkgs"
        ]
      },
      "locked": {
        "lastModified": 1645293039,
        "narHash": "sha256-PwdDu+SkX8dreeuJ/4av1sEluNZdrpdXv8JsRKKg1Yc=",
        "owner": "LnL7",
        "repo": "nix-darwin",
        "rev": "1df878b6f8351795a3bebfbe4fd2d02e1e8b29d6",
        "type": "github"
      },
      "original": {
        "owner": "LnL7",
        "repo": "nix-darwin",
        "type": "github"
      }
    },
    "flake-compat": {
      "flake": false,
      "locked": {
        "lastModified": 1641205782,
        "narHash": "sha256-4jY7RCWUoZ9cKD8co0/4tFARpWB+57+r1bLLvXNJliY=",
        "owner": "edolstra",
        "repo": "flake-compat",
        "rev": "b7547d3eed6f32d06102ead8991ec52ab0a4f1a7",
        "type": "github"
      },
      "original": {
        "owner": "edolstra",
        "repo": "flake-compat",
        "type": "github"
      }
    },
    "flake-compat_2": {
      "flake": false,
      "locked": {
        "lastModified": 1641205782,
        "narHash": "sha256-4jY7RCWUoZ9cKD8co0/4tFARpWB+57+r1bLLvXNJliY=",
        "owner": "edolstra",
        "repo": "flake-compat",
        "rev": "b7547d3eed6f32d06102ead8991ec52ab0a4f1a7",
        "type": "github"
      },
      "original": {
        "owner": "edolstra",
        "repo": "flake-compat",
        "type": "github"
      }
    },
    "flake-utils": {
      "locked": {
        "lastModified": 1644229661,
        "narHash": "sha256-1YdnJAsNy69bpcjuoKdOYQX0YxZBiCYZo4Twxerqv7k=",
        "owner": "numtide",
        "repo": "flake-utils",
        "rev": "3cecb5b042f7f209c56ffd8371b2711a290ec797",
        "type": "github"
      },
      "original": {
        "owner": "numtide",
        "repo": "flake-utils",
        "type": "github"
      }
    },
    "flake-utils_2": {
      "locked": {
        "lastModified": 1644229661,
        "narHash": "sha256-1YdnJAsNy69bpcjuoKdOYQX0YxZBiCYZo4Twxerqv7k=",
        "owner": "numtide",
        "repo": "flake-utils",
        "rev": "3cecb5b042f7f209c56ffd8371b2711a290ec797",
        "type": "github"
      },
      "original": {
        "owner": "numtide",
        "repo": "flake-utils",
        "type": "github"
      }
    },
    "flake-utils_3": {
      "locked": {
        "lastModified": 1629481132,
        "narHash": "sha256-JHgasjPR0/J1J3DRm4KxM4zTyAj4IOJY8vIl75v/kPI=",
        "owner": "numtide",
        "repo": "flake-utils",
        "rev": "997f7efcb746a9c140ce1f13c72263189225f482",
        "type": "github"
      },
      "original": {
        "owner": "numtide",
        "repo": "flake-utils",
        "type": "github"
      }
    },
    "home-manager": {
      "inputs": {
        "nixpkgs": [
          "nixpkgs"
        ]
      },
      "locked": {
        "lastModified": 1645479152,
        "narHash": "sha256-8au2xAPSi3yGQBaVrYUpMY30lY9tMuNn7UMAHL7NJtw=",
        "owner": "nix-community",
        "repo": "home-manager",
        "rev": "69536af27e86a9fc875d71cb9566ccccf47b5b60",
        "type": "github"
      },
      "original": {
        "owner": "nix-community",
        "repo": "home-manager",
        "type": "github"
      }
    },
    "naersk": {
      "inputs": {
        "nixpkgs": [
          "nixpkgs"
        ]
      },
      "locked": {
        "lastModified": 1639947939,
        "narHash": "sha256-pGsM8haJadVP80GFq4xhnSpNitYNQpaXk4cnA796Cso=",
        "owner": "nix-community",
        "repo": "naersk",
        "rev": "2fc8ce9d3c025d59fee349c1f80be9785049d653",
        "type": "github"
      },
      "original": {
        "owner": "nix-community",
        "repo": "naersk",
        "type": "github"
      }
    },
    "neovim-flake": {
      "inputs": {
        "flake-utils": "flake-utils_3",
        "nixpkgs": [
          "neovim-nightly-overlay",
          "nixpkgs"
        ]
      },
      "locked": {
        "dir": "contrib",
        "lastModified": 1645401765,
        "narHash": "sha256-bTXjHYJpMneVCBAEN/qCYSi//3j0alrnVuQOp/XbgwY=",
        "owner": "neovim",
        "repo": "neovim",
        "rev": "726ec7fb17aa8a86b1c2c9adc4c6abfcb350d3a7",
        "type": "github"
      },
      "original": {
        "dir": "contrib",
        "owner": "neovim",
        "repo": "neovim",
        "type": "github"
      }
    },
    "neovim-nightly-overlay": {
      "inputs": {
        "flake-compat": "flake-compat_2",
        "neovim-flake": "neovim-flake",
        "nixpkgs": [
          "nixpkgs"
        ]
      },
      "locked": {
        "lastModified": 1645431266,
        "narHash": "sha256-8/p4f8xYzWQGUTDcgtZhAW+7a4QjJAr7iazspmoUxD4=",
        "owner": "nix-community",
        "repo": "neovim-nightly-overlay",
        "rev": "fe0247d774a337fd5d0594e761eda86119bc8f13",
        "type": "github"
      },
      "original": {
        "owner": "nix-community",
        "repo": "neovim-nightly-overlay",
        "type": "github"
      }
    },
    "nixpkgs": {
      "locked": {
        "lastModified": 1645347465,
        "narHash": "sha256-GoNcKieZf86tFzuVY7+kfEGw0rjgBrdfwRj4l7zOfZw=",
        "owner": "NixOS",
        "repo": "nixpkgs",
        "rev": "7feed2c0bec4161c83509d18089784cfcef49667",
        "type": "github"
      },
      "original": {
        "owner": "NixOS",
        "ref": "nixpkgs-unstable",
        "repo": "nixpkgs",
        "type": "github"
      }
    },
    "root": {
      "inputs": {
        "custompkgs": "custompkgs",
        "darwin": "darwin",
        "flake-compat": "flake-compat",
        "flake-utils": "flake-utils_2",
        "home-manager": "home-manager",
        "naersk": "naersk",
        "neovim-nightly-overlay": "neovim-nightly-overlay",
        "nixpkgs": "nixpkgs"
      }
    }
  },
  "root": "root",
  "version": 7
}
